
Microsoft Visual Studio Solution File, Format Version 12.00
# Visual Studio Version 16
VisualStudioVersion = 16.0.29709.97
MinimumVisualStudioVersion = 10.0.40219.1
Project("{D954291E-2A0B-460D-934E-DC6B0785DB48}") = "CSUtilities", "CSUtilities\CSUtilities.shproj", "{B4EF345D-52B9-47F1-AA2A-B4AE85F62EFC}"
EndProject
Project("{D954291E-2A0B-460D-934E-DC6B0785DB48}") = "CSUtilities.Wpf", "CSUtilities.Wpf\CSUtilities.Wpf.shproj", "{E20E9A63-E588-4485-B6CB-C411E2ACC3CF}"
EndProject
Global
	GlobalSection(SharedMSBuildProjectFiles) = preSolution
		CSUtilities\CSUtilities.projitems*{b4ef345d-52b9-47f1-aa2a-b4ae85f62efc}*SharedItemsImports = 13
		CSUtilities.Wpf\CSUtilities.Wpf.projitems*{e20e9a63-e588-4485-b6cb-c411e2acc3cf}*SharedItemsImports = 13
	EndGlobalSection
	GlobalSection(SolutionConfigurationPlatforms) = preSolution
		Debug|Any CPU = Debug|Any CPU
		Release|Any CPU = Release|Any CPU
	EndGlobalSection
	GlobalSection(SolutionProperties) = preSolution
		HideSolutionNode = FALSE
	EndGlobalSection
	GlobalSection(ExtensibilityGlobals) = postSolution
		SolutionGuid = {B59C250C-BD83-4D0F-A4C9-B7087C6B9ABA}
	EndGlobalSection
EndGlobal
